{
  "lockfileVersion": 1,
  "workspaces": {
    "": {
      "name": "presonus_studioone_5_sdk",
      "devDependencies": {
        "@tsconfig/recommended": "^1.0.10",
        "typescript": "^5",
      },
    },
  },
  "packages": {
    "@tsconfig/recommended": ["@tsconfig/recommended@1.0.10", "", {}, "sha512-cGvydvg03lONp5Z9yaplW493Vw9/um7k588mvDkm+VFPF2PZUVPx0uswq4PFpeEySsLbQRETrDRhzh4Dmxaslw=="],

    "typescript": ["typescript@5.9.3", "", { "bin": { "tsc": "bin/tsc", "tsserver": "bin/tsserver" } }, "sha512-jl1vZzPDinLr9eUt3J/t7V6FgNEw9QjvBPdysz9KfQDD41fQrC2Y4vKQdiaUpFT4bXlb1RHhLpp8wtm6M5TgSw=="],
  }
}
